// !$*UTF8*$!
{
	archiveVersion = 1;
	classes = {
	};
	objectVersion = 46;
	objects = {

/* Begin PBXBuildFile section */
		A7306D931B189C62004A9F2E /* main.m in Sources */ = {isa = PBXBuildFile; fileRef = A7306D921B189C62004A9F2E /* main.m */; };
		A7306D961B189C62004A9F2E /* AppDelegate.m in Sources */ = {isa = PBXBuildFile; fileRef = A7306D951B189C62004A9F2E /* AppDelegate.m */; };
		A7306D991B189C62004A9F2E /* ViewController.m in Sources */ = {isa = PBXBuildFile; fileRef = A7306D981B189C62004A9F2E /* ViewController.m */; };
		A7306D9C1B189C62004A9F2E /* Main.storyboard in Resources */ = {isa = PBXBuildFile; fileRef = A7306D9A1B189C62004A9F2E /* Main.storyboard */; };
		A7306D9E1B189C62004A9F2E /* Images.xcassets in Resources */ = {isa = PBXBuildFile; fileRef = A7306D9D1B189C62004A9F2E /* Images.xcassets */; };
		A7306DA11B189C62004A9F2E /* LaunchScreen.xib in Resources */ = {isa = PBXBuildFile; fileRef = A7306D9F1B189C62004A9F2E /* LaunchScreen.xib */; };
		A7306DAD1B189C62004A9F2E /* iOSPopupLayerDemoTests.m in Sources */ = {isa = PBXBuildFile; fileRef = A7306DAC1B189C62004A9F2E /* iOSPopupLayerDemoTests.m */; };
		A7306DBA1B189CD8004A9F2E /* LZWCustomActionSheet.m in Sources */ = {isa = PBXBuildFile; fileRef = A7306DB91B189CD8004A9F2E /* LZWCustomActionSheet.m */; };
/* End PBXBuildFile section */

/* Begin PBXContainerItemProxy section */
		A7306DA71B189C62004A9F2E /* PBXContainerItemProxy */ = {
			isa = PBXContainerItemProxy;
			containerPortal = A7306D851B189C62004A9F2E /* Project object */;
			proxyType = 1;
			remoteGlobalIDString = A7306D8C1B189C62004A9F2E;
			remoteInfo = iOSPopupLayerDemo;
		};
/* End PBXContainerItemProxy section */

/* Begin PBXFileReference section */
		A7306D8D1B189C62004A9F2E /* iOSPopupLayerDemo.app */ = {isa = PBXFileReference; explicitFileType = wrapper.application; includeInIndex = 0; path = iOSPopupLayerDemo.app; sourceTree = BUILT_PRODUCTS_DIR; };
		A7306D911B189C62004A9F2E /* Info.plist */ = {isa = PBXFileReference; lastKnownFileType = text.plist.xml; path = Info.plist; sourceTree = "<group>"; };
		A7306D921B189C62004A9F2E /* main.m */ = {isa = PBXFileReference; lastKnownFileType = sourcecode.c.objc; path = main.m; sourceTree = "<group>"; };
		A7306D941B189C62004A9F2E /* AppDelegate.h */ = {isa = PBXFileReference; lastKnownFileType = sourcecode.c.h; path = AppDelegate.h; sourceTree = "<group>"; };
		A7306D951B189C62004A9F2E /* AppDelegate.m */ = {isa = PBXFileReference; lastKnownFileType = sourcecode.c.objc; path = AppDelegate.m; sourceTree = "<group>"; };
		A7306D971B189C62004A9F2E /* ViewController.h */ = {isa = PBXFileReference; lastKnownFileType = sourcecode.c.h; path = ViewController.h; sourceTree = "<group>"; };
		A7306D981B189C62004A9F2E /* ViewController.m */ = {isa = PBXFileReference; lastKnownFileType = sourcecode.c.objc; path = ViewController.m; sourceTree = "<group>"; };
		A7306D9B1B189C62004A9F2E /* Base */ = {isa = PBXFileReference; lastKnownFileType = file.storyboard; name = Base; path = Base.lproj/Main.storyboard; sourceTree = "<group>"; };
		A7306D9D1B189C62004A9F2E /* Images.xcassets */ = {isa = PBXFileReference; lastKnownFileType = folder.assetcatalog; path = Images.xcassets; sourceTree = "<group>"; };
		A7306DA01B189C62004A9F2E /* Base */ = {isa = PBXFileReference; lastKnownFileType = file.xib; name = Base; path = Base.lproj/LaunchScreen.xib; sourceTree = "<group>"; };
		A7306DA61B189C62004A9F2E /* iOSPopupLayerDemoTests.xctest */ = {isa = PBXFileReference; explicitFileType = wrapper.cfbundle; includeInIndex = 0; path = iOSPopupLayerDemoTests.xctest; sourceTree = BUILT_PRODUCTS_DIR; };
		A7306DAB1B189C62004A9F2E /* Info.plist */ = {isa = PBXFileReference; lastKnownFileType = text.plist.xml; path = Info.plist; sourceTree = "<group>"; };
		A7306DAC1B189C62004A9F2E /* iOSPopupLayerDemoTests.m */ = {isa = PBXFileReference; lastKnownFileType = sourcecode.c.objc; path = iOSPopupLayerDemoTests.m; sourceTree = "<group>"; };
		A7306DB81B189CD8004A9F2E /* LZWCustomActionSheet.h */ = {isa = PBXFileReference; fileEncoding = 4; lastKnownFileType = sourcecode.c.h; path = LZWCustomActionSheet.h; sourceTree = "<group>"; };
		A7306DB91B189CD8004A9F2E /* LZWCustomActionSheet.m */ = {isa = PBXFileReference; fileEncoding = 4; lastKnownFileType = sourcecode.c.objc; path = LZWCustomActionSheet.m; sourceTree = "<group>"; };
		A7306DBB1B189CE5004A9F2E /* PrefixHeader.pch */ = {isa = PBXFileReference; lastKnownFileType = sourcecode.c.h; path = PrefixHeader.pch; sourceTree = "<group>"; };
/* End PBXFileReference section */

/* Begin PBXFrameworksBuildPhase section */
		A7306D8A1B189C62004A9F2E /* Frameworks */ = {
			isa = PBXFrameworksBuildPhase;
			buildActionMask = 2147483647;
			files = (
			);
			runOnlyForDeploymentPostprocessing = 0;
		};
		A7306DA31B189C62004A9F2E /* Frameworks */ = {
			isa = PBXFrameworksBuildPhase;
			buildActionMask = 2147483647;
			files = (
			);
			runOnlyForDeploymentPostprocessing = 0;
		};
/* End PBXFrameworksBuildPhase section */

/* Begin PBXGroup section */
		A7306D841B189C62004A9F2E = {
			isa = PBXGroup;
			children = (
				A7306D8F1B189C62004A9F2E /* iOSPopupLayerDemo */,
				A7306DA91B189C62004A9F2E /* iOSPopupLayerDemoTests */,
				A7306D8E1B189C62004A9F2E /* Products */,
			);
			sourceTree = "<group>";
		};
		A7306D8E1B189C62004A9F2E /* Products */ = {
			isa = PBXGroup;
			children = (
				A7306D8D1B189C62004A9F2E /* iOSPopupLayerDemo.app */,
				A7306DA61B189C62004A9F2E /* iOSPopupLayerDemoTests.xctest */,
			);
			name = Products;
			sourceTree = "<group>";
		};
		A7306D8F1B189C62004A9F2E /* iOSPopupLayerDemo */ = {
			isa = PBXGroup;
			children = (
				A7306DBB1B189CE5004A9F2E /* PrefixHeader.pch */,
				A7306DB71B189CD8004A9F2E /* LZWActionSheet */,
				A7306D941B189C62004A9F2E /* AppDelegate.h */,
				A7306D951B189C62004A9F2E /* AppDelegate.m */,
				A7306D971B189C62004A9F2E /* ViewController.h */,
				A7306D981B189C62004A9F2E /* ViewController.m */,
				A7306D9A1B189C62004A9F2E /* Main.storyboard */,
				A7306D9D1B189C62004A9F2E /* Images.xcassets */,
				A7306D9F1B189C62004A9F2E /* LaunchScreen.xib */,
				A7306D901B189C62004A9F2E /* Supporting Files */,
			);
			path = iOSPopupLayerDemo;
			sourceTree = "<group>";
		};
		A7306D901B189C62004A9F2E /* Supporting Files */ = {
			isa = PBXGroup;
			children = (
				A7306D911B189C62004A9F2E /* Info.plist */,
				A7306D921B189C62004A9F2E /* main.m */,
			);
			name = "Supporting Files";
			sourceTree = "<group>";
		};
		A7306DA91B189C62004A9F2E /* iOSPopupLayerDemoTests */ = {
			isa = PBXGroup;
			children = (
				A7306DAC1B189C62004A9F2E /* iOSPopupLayerDemoTests.m */,
				A7306DAA1B189C62004A9F2E /* Supporting Files */,
			);
			path = iOSPopupLayerDemoTests;
			sourceTree = "<group>";
		};
		A7306DAA1B189C62004A9F2E /* Supporting Files */ = {
			isa = PBXGroup;
			children = (
				A7306DAB1B189C62004A9F2E /* Info.plist */,
			);
			name = "Supporting Files";
			sourceTree = "<group>";
		};
		A7306DB71B189CD8004A9F2E /* LZWActionSheet */ = {
			isa = PBXGroup;
			children = (
				A7306DB81B189CD8004A9F2E /* LZWCustomActionSheet.h */,
				A7306DB91B189CD8004A9F2E /* LZWCustomActionSheet.m */,
			);
			path = LZWActionSheet;
			sourceTree = "<group>";
		};
/* End PBXGroup section */

/* Begin PBXNativeTarget section */
		A7306D8C1B189C62004A9F2E /* iOSPopupLayerDemo */ = {
			isa = PBXNativeTarget;
			buildConfigurationList = A7306DB01B189C62004A9F2E /* Build configuration list for PBXNativeTarget "iOSPopupLayerDemo" */;
			buildPhases = (
				A7306D891B189C62004A9F2E /* Sources */,
				A7306D8A1B189C62004A9F2E /* Frameworks */,
				A7306D8B1B189C62004A9F2E /* Resources */,
			);
			buildRules = (
			);
			dependencies = (
			);
			name = iOSPopupLayerDemo;
			productName = iOSPopupLayerDemo;
			productReference = A7306D8D1B189C62004A9F2E /* iOSPopupLayerDemo.app */;
			productType = "com.apple.product-type.application";
		};
		A7306DA51B189C62004A9F2E /* iOSPopupLayerDemoTests */ = {
			isa = PBXNativeTarget;
			buildConfigurationList = A7306DB31B189C62004A9F2E /* Build configuration list for PBXNativeTarget "iOSPopupLayerDemoTests" */;
			buildPhases = (
				A7306DA21B189C62004A9F2E /* Sources */,
				A7306DA31B189C62004A9F2E /* Frameworks */,
				A7306DA41B189C62004A9F2E /* Resources */,
			);
			buildRules = (
			);
			dependencies = (
				A7306DA81B189C62004A9F2E /* PBXTargetDependency */,
			);
			name = iOSPopupLayerDemoTests;
			productName = iOSPopupLayerDemoTests;
			productReference = A7306DA61B189C62004A9F2E /* iOSPopupLayerDemoTests.xctest */;
			productType = "com.apple.product-type.bundle.unit-test";
		};
/* End PBXNativeTarget section */

/* Begin PBXProject section */
		A7306D851B189C62004A9F2E /* Project object */ = {
			isa = PBXProject;
			attributes = {
				LastUpgradeCheck = 0630;
				ORGANIZATIONNAME = chentianyu;
				TargetAttributes = {
					A7306D8C1B189C62004A9F2E = {
						CreatedOnToolsVersion = 6.3;
					};
					A7306DA51B189C62004A9F2E = {
						CreatedOnToolsVersion = 6.3;
						TestTargetID = A7306D8C1B189C62004A9F2E;
					};
				};
			};
			buildConfigurationList = A7306D881B189C62004A9F2E /* Build configuration list for PBXProject "iOSPopupLayerDemo" */;
			compatibilityVersion = "Xcode 3.2";
			developmentRegion = English;
			hasScannedForEncodings = 0;
			knownRegions = (
				en,
				Base,
			);
			mainGroup = A7306D841B189C62004A9F2E;
			productRefGroup = A7306D8E1B189C62004A9F2E /* Products */;
			projectDirPath = "";
			projectRoot = "";
			targets = (
				A7306D8C1B189C62004A9F2E /* iOSPopupLayerDemo */,
				A7306DA51B189C62004A9F2E /* iOSPopupLayerDemoTests */,
			);
		};
/* End PBXProject section */

/* Begin PBXResourcesBuildPhase section */
		A7306D8B1B189C62004A9F2E /* Resources */ = {
			isa = PBXResourcesBuildPhase;
			buildActionMask = 2147483647;
			files = (
				A7306D9C1B189C62004A9F2E /* Main.storyboard in Resources */,
				A7306DA11B189C62004A9F2E /* LaunchScreen.xib in Resources */,
				A7306D9E1B189C62004A9F2E /* Images.xcassets in Resources */,
			);
			runOnlyForDeploymentPostprocessing = 0;
		};
		A7306DA41B189C62004A9F2E /* Resources */ = {
			isa = PBXResourcesBuildPhase;
			buildActionMask = 2147483647;
			files = (
			);
			runOnlyForDeploymentPostprocessing = 0;
		};
/* End PBXResourcesBuildPhase section */

/* Begin PBXSourcesBuildPhase section */
		A7306D891B189C62004A9F2E /* Sources */ = {
			isa = PBXSourcesBuildPhase;
			buildActionMask = 2147483647;
			files = (
				A7306DBA1B189CD8004A9F2E /* LZWCustomActionSheet.m in Sources */,
				A7306D991B189C62004A9F2E /* ViewController.m in Sources */,
				A7306D961B189C62004A9F2E /* AppDelegate.m in Sources */,
				A7306D931B189C62004A9F2E /* main.m in Sources */,
			);
			runOnlyForDeploymentPostprocessing = 0;
		};
		A7306DA21B189C62004A9F2E /* Sources */ = {
			isa = PBXSourcesBuildPhase;
			buildActionMask = 2147483647;
			files = (
				A7306DAD1B189C62004A9F2E /* iOSPopupLayerDemoTests.m in Sources */,
			);
			runOnlyForDeploymentPostprocessing = 0;
		};
/* End PBXSourcesBuildPhase section */

/* Begin PBXTargetDependency section */
		A7306DA81B189C62004A9F2E /* PBXTargetDependency */ = {
			isa = PBXTargetDependency;
			target = A7306D8C1B189C62004A9F2E /* iOSPopupLayerDemo */;
			targetProxy = A7306DA71B189C62004A9F2E /* PBXContainerItemProxy */;
		};
/* End PBXTargetDependency section */

/* Begin PBXVariantGroup section */
		A7306D9A1B189C62004A9F2E /* Main.storyboard */ = {
			isa = PBXVariantGroup;
			children = (
				A7306D9B1B189C62004A9F2E /* Base */,
			);
			name = Main.storyboard;
			sourceTree = "<group>";
		};
		A7306D9F1B189C62004A9F2E /* LaunchScreen.xib */ = {
			isa = PBXVariantGroup;
			children = (
				A7306DA01B189C62004A9F2E /* Base */,
			);
			name = LaunchScreen.xib;
			sourceTree = "<group>";
		};
/* End PBXVariantGroup section */

/* Begin XCBuildConfiguration section */
		A7306DAE1B189C62004A9F2E /* Debug */ = {
			isa = XCBuildConfiguration;
			buildSettings = {
				ALWAYS_SEARCH_USER_PATHS = NO;
				CLANG_CXX_LANGUAGE_STANDARD = "gnu++0x";
				CLANG_CXX_LIBRARY = "libc++";
				CLANG_ENABLE_MODULES = YES;
				CLANG_ENABLE_OBJC_ARC = YES;
				CLANG_WARN_BOOL_CONVERSION = YES;
				CLANG_WARN_CONSTANT_CONVERSION = YES;
				CLANG_WARN_DIRECT_OBJC_ISA_USAGE = YES_ERROR;
				CLANG_WARN_EMPTY_BODY = YES;
				CLANG_WARN_ENUM_CONVERSION = YES;
				CLANG_WARN_INT_CONVERSION = YES;
				CLANG_WARN_OBJC_ROOT_CLASS = YES_ERROR;
				CLANG_WARN_UNREACHABLE_CODE = YES;
				CLANG_WARN__DUPLICATE_METHOD_MATCH = YES;
				"CODE_SIGN_IDENTITY[sdk=iphoneos*]" = "iPhone Developer";
				COPY_PHASE_STRIP = NO;
				DEBUG_INFORMATION_FORMAT = "dwarf-with-dsym";
				ENABLE_STRICT_OBJC_MSGSEND = YES;
				GCC_C_LANGUAGE_STANDARD = gnu99;
				GCC_DYNAMIC_NO_PIC = NO;
				GCC_NO_COMMON_BLOCKS = YES;
				GCC_OPTIMIZATION_LEVEL = 0;
				GCC_PREPROCESSOR_DEFINITIONS = (
					"DEBUG=1",
					"$(inherited)",
				);
				GCC_SYMBOLS_PRIVATE_EXTERN = NO;
				GCC_WARN_64_TO_32_BIT_CONVERSION = YES;
				GCC_WARN_ABOUT_RETURN_TYPE = YES_ERROR;
				GCC_WARN_UNDECLARED_SELECTOR = YES;
				GCC_WARN_UNINITIALIZED_AUTOS = YES_AGGRESSIVE;
				GCC_WARN_UNUSED_FUNCTION = YES;
				GCC_WARN_UNUSED_VARIABLE = YES;
				IPHONEOS_DEPLOYMENT_TARGET = 8.3;
				MTL_ENABLE_DEBUG_INFO = YES;
				ONLY_ACTIVE_ARCH = YES;
				SDKROOT = iphoneos;
			};
			name = Debug;
		};
		A7306DAF1B189C62004A9F2E /* Release */ = {
			isa = XCBuildConfiguration;
			buildSettings = {
				ALWAYS_SEARCH_USER_PATHS = NO;
				CLANG_CXX_LANGUAGE_STANDARD = "gnu++0x";
				CLANG_CXX_LIBRARY = "libc++";
				CLANG_ENABLE_MODULES = YES;
				CLANG_ENABLE_OBJC_ARC = YES;
				CLANG_WARN_BOOL_CONVERSION = YES;
				CLANG_WARN_CONSTANT_CONVERSION = YES;
				CLANG_WARN_DIRECT_OBJC_ISA_USAGE = YES_ERROR;
				CLANG_WARN_EMPTY_BODY = YES;
				CLANG_WARN_ENUM_CONVERSION = YES;
				CLANG_WARN_INT_CONVERSION = YES;
				CLANG_WARN_OBJC_ROOT_CLASS = YES_ERROR;
				CLANG_WARN_UNREACHABLE_CODE = YES;
				CLANG_WARN__DUPLICATE_METHOD_MATCH = YES;
				"CODE_SIGN_IDENTITY[sdk=iphoneos*]" = "iPhone Developer";
				COPY_PHASE_STRIP = NO;
				DEBUG_INFORMATION_FORMAT = "dwarf-with-dsym";
				ENABLE_NS_ASSERTIONS = NO;
				ENABLE_STRICT_OBJC_MSGSEND = YES;
				GCC_C_LANGUAGE_STANDARD = gnu99;
				GCC_NO_COMMON_BLOCKS = YES;
				GCC_WARN_64_TO_32_BIT_CONVERSION = YES;
				GCC_WARN_ABOUT_RETURN_TYPE = YES_ERROR;
				GCC_WARN_UNDECLARED_SELECTOR = YES;
				GCC_WARN_UNINITIALIZED_AUTOS = YES_AGGRESSIVE;
				GCC_WARN_UNUSED_FUNCTION = YES;
				GCC_WARN_UNUSED_VARIABLE = YES;
				IPHONEOS_DEPLOYMENT_TARGET = 8.3;
				MTL_ENABLE_DEBUG_INFO = NO;
				SDKROOT = iphoneos;
				VALIDATE_PRODUCT = YES;
			};
			name = Release;
		};
		A7306DB11B189C62004A9F2E /* Debug */ = {
			isa = XCBuildConfiguration;
			buildSettings = {
				ASSETCATALOG_COMPILER_APPICON_NAME = AppIcon;
				INFOPLIST_FILE = iOSPopupLayerDemo/Info.plist;
				LD_RUNPATH_SEARCH_PATHS = "$(inherited) @executable_path/Frameworks";
				PRODUCT_NAME = "$(TARGET_NAME)";
			};
			name = Debug;
		};
		A7306DB21B189C62004A9F2E /* Release */ = {
			isa = XCBuildConfiguration;
			buildSettings = {
				ASSETCATALOG_COMPILER_APPICON_NAME = AppIcon;
				INFOPLIST_FILE = iOSPopupLayerDemo/Info.plist;
				LD_RUNPATH_SEARCH_PATHS = "$(inherited) @executable_path/Frameworks";
				PRODUCT_NAME = "$(TARGET_NAME)";
			};
			name = Release;
		};
		A7306DB41B189C62004A9F2E /* Debug */ = {
			isa = XCBuildConfiguration;
			buildSettings = {
				BUNDLE_LOADER = "$(TEST_HOST)";
				FRAMEWORK_SEARCH_PATHS = (
					"$(SDKROOT)/Developer/Library/Frameworks",
					"$(inherited)",
				);
				GCC_PREPROCESSOR_DEFINITIONS = (
					"DEBUG=1",
					"$(inherited)",
				);
				INFOPLIST_FILE = iOSPopupLayerDemoTests/Info.plist;
				LD_RUNPATH_SEARCH_PATHS = "$(inherited) @executable_path/Frameworks @loader_path/Frameworks";
				PRODUCT_NAME = "$(TARGET_NAME)";
				TEST_HOST = "$(BUILT_PRODUCTS_DIR)/iOSPopupLayerDemo.app/iOSPopupLayerDemo";
			};
			name = Debug;
		};
		A7306DB51B189C62004A9F2E /* Release */ = {
			isa = XCBuildConfiguration;
			buildSettings = {
				BUNDLE_LOADER = "$(TEST_HOST)";
				FRAMEWORK_SEARCH_PATHS = (
					"$(SDKROOT)/Developer/Library/Frameworks",
					"$(inherited)",
				);
				INFOPLIST_FILE = iOSPopupLayerDemoTests/Info.plist;
				LD_RUNPATH_SEARCH_PATHS = "$(inherited) @executable_path/Frameworks @loader_path/Frameworks";
				PRODUCT_NAME = "$(TARGET_NAME)";
				TEST_HOST = "$(BUILT_PRODUCTS_DIR)/iOSPopupLayerDemo.app/iOSPopupLayerDemo";
			};
			name = Release;
		};
/* End XCBuildConfiguration section */

/* Begin XCConfigurationList section */
		A7306D881B189C62004A9F2E /* Build configuration list for PBXProject "iOSPopupLayerDemo" */ = {
			isa = XCConfigurationList;
			buildConfigurations = (
				A7306DAE1B189C62004A9F2E /* Debug */,
				A7306DAF1B189C62004A9F2E /* Release */,
			);
			defaultConfigurationIsVisible = 0;
			defaultConfigurationName = Release;
		};
		A7306DB01B189C62004A9F2E /* Build configuration list for PBXNativeTarget "iOSPopupLayerDemo" */ = {
			isa = XCConfigurationList;
			buildConfigurations = (
				A7306DB11B189C62004A9F2E /* Debug */,
				A7306DB21B189C62004A9F2E /* Release */,
			);
			defaultConfigurationIsVisible = 0;
		};
		A7306DB31B189C62004A9F2E /* Build configuration list for PBXNativeTarget "iOSPopupLayerDemoTests" */ = {
			isa = XCConfigurationList;
			buildConfigurations = (
				A7306DB41B189C62004A9F2E /* Debug */,
				A7306DB51B189C62004A9F2E /* Release */,
			);
			defaultConfigurationIsVisible = 0;
		};
/* End XCConfigurationList section */
	};
	rootObject = A7306D851B189C62004A9F2E /* Project object */;
}
